{
  "originHash" : "c6d9dfee182867b0a65456eb166d452db7301c8659d8465e386a64874764df0c",
  "pins" : [
    {
      "identity" : "agentaccess",
      "kind" : "remoteSourceControl",
      "location" : "https://github.com/AgentiLoop/AgentAccess.git",
      "state" : {
        "revision" : "4de401e35bb7930c151b247435b1d513b0338dca",
        "version" : "2.10.13"
      }
    },
    {
      "identity" : "agentaudit",
      "kind" : "remoteSourceControl",
      "location" : "https://github.com/AgentiLoop/AgentAudit.git",
      "state" : {
        "revision" : "5973fe5ed37190bf38732df80f57c6373c66c8c1",
        "version" : "1.3.3"
      }
    },
    {
      "identity" : "agentcolorsyntax",
      "kind" : "remoteSourceControl",
      "location" : "https://github.com/AgentiLoop/AgentColorSyntax.git",
      "state" : {
        "revision" : "fc8b514863837844db3603d1ab4552a7eb6f57ab",
        "version" : "1.2.4"
      }
    },
    {
      "identity" : "agentd1f",
      "kind" : "remoteSourceControl",
      "location" : "https://github.com/AgentiLoop/AgentD1F.git",
      "state" : {
        "revision" : "291a61dbfa9926428ab0ef5ba1b987b7ec461972",
        "version" : "1.0.8"
      }
    },
    {
      "identity" : "agenteventbridges",
      "kind" : "remoteSourceControl",
      "location" : "https://github.com/AgentiLoop/AgentEventBridges.git",
      "state" : {
        "revision" : "4d41cce22991afe1be3f5ca9db5fac168acd6f78",
        "version" : "1.1.3"
      }
    },
    {
      "identity" : "agentllm",
      "kind" : "remoteSourceControl",
      "location" : "https://github.com/AgentiLoop/AgentLLM.git",
      "state" : {
        "revision" : "d04c465bf9165f01403b60fd8e5e1d0ab6c7c3bc",
        "version" : "1.0.4"
      }
    },
    {
      "identity" : "agentmcp",
      "kind" : "remoteSourceControl",
      "location" : "https://github.com/AgentiLoop/AgentMCP.git",
      "state" : {
        "revision" : "ff9d2ab7ee5cb0c17fa95718e5e377409e5b2126",
        "version" : "1.6.4"
      }
    },
    {
      "identity" : "agentswift",
      "kind" : "remoteSourceControl",
      "location" : "https://github.com/AgentiLoop/AgentSwift.git",
      "state" : {
        "revision" : "0e083dbde3a70bea424adb8aedd2d86fd3e0e9bd",
        "version" : "1.1.5"
      }
    },
    {
      "identity" : "agentterminalneo",
      "kind" : "remoteSourceControl",
      "location" : "https://github.com/AgentiLoop/AgentTerminalNeo.git",
      "state" : {
        "revision" : "f2e227d1b1425658f0a92a39842a0f8ee5ed67da",
        "version" : "1.37.5"
      }
    },
    {
      "identity" : "agenttools",
      "kind" : "remoteSourceControl",
      "location" : "https://github.com/AgentiLoop/AgentTools.git",
      "state" : {
        "revision" : "fa2c577a6984fba027980045cdfd13cc63daea7a",
        "version" : "2.53.12"
      }
    },
    {
      "identity" : "axorcist",
      "kind" : "remoteSourceControl",
      "location" : "https://github.com/steipete/AXorcist.git",
      "state" : {
        "revision" : "37d7ae82ff1443b4b36344ca6f3bf0ad33f13b12",
        "version" : "0.1.9"
      }
    },
    {
      "identity" : "commander",
      "kind" : "remoteSourceControl",
      "location" : "https://github.com/steipete/Commander.git",
      "state" : {
        "revision" : "bd219c4ee9032fee3e009856f81fcc6ec09a85f4",
        "version" : "0.2.4"
      }
    },
    {
      "identity" : "swift-log",
      "kind" : "remoteSourceControl",
      "location" : "https://github.com/apple/swift-log.git",
      "state" : {
        "revision" : "9c6fb14227f55d8f711ce3847dc2f419fb0ecacb",
        "version" : "1.15.1"
      }
    },
    {
      "identity" : "swift-syntax",
      "kind" : "remoteSourceControl",
      "location" : "https://github.com/apple/swift-syntax.git",
      "state" : {
        "revision" : "79e4b74a295b6eb74a8b585e3a39d29e70c1dbd1",
        "version" : "603.0.2"
      }
    }
  ],
  "version" : 3
}
